
Microsoft Visual Studio Solution File, Format Version 12.00
# Visual Studio Version 16
VisualStudioVersion = 16.0.30204.135
MinimumVisualStudioVersion = 10.0.40219.1
Project("{FAE04EC0-301F-11D3-BF4B-00C04F79EFBC}") = "UserMgmEntity", "UserMgmEntity\UserMgmEntity.csproj", "{4EFA2BF7-A53B-4E86-AEDF-BF69C1DDD337}"
EndProject
Global
	GlobalSection(SolutionConfigurationPlatforms) = preSolution
		Debug|Any CPU = Debug|Any CPU
		Release|Any CPU = Release|Any CPU
	EndGlobalSection
	GlobalSection(ProjectConfigurationPlatforms) = postSolution
		{4EFA2BF7-A53B-4E86-AEDF-BF69C1DDD337}.Debug|Any CPU.ActiveCfg = Debug|Any CPU
		{4EFA2BF7-A53B-4E86-AEDF-BF69C1DDD337}.Debug|Any CPU.Build.0 = Debug|Any CPU
		{4EFA2BF7-A53B-4E86-AEDF-BF69C1DDD337}.Release|Any CPU.ActiveCfg = Release|Any CPU
		{4EFA2BF7-A53B-4E86-AEDF-BF69C1DDD337}.Release|Any CPU.Build.0 = Release|Any CPU
	EndGlobalSection
	GlobalSection(SolutionProperties) = preSolution
		HideSolutionNode = FALSE
	EndGlobalSection
	GlobalSection(ExtensibilityGlobals) = postSolution
		SolutionGuid = {3128D4BD-4A11-4D6D-AD72-47E65C5C68B3}
	EndGlobalSection
EndGlobal
